
Microsoft Visual Studio Solution File, Format Version 12.00
# Visual Studio Version 17
VisualStudioVersion = 17.4.33122.133
MinimumVisualStudioVersion = 10.0.40219.1
Project("{FAE04EC0-301F-11D3-BF4B-00C04F79EFBC}") = "picpay-desafio-backend", "picpay-desafio-backend\picpay-desafio-backend.csproj", "{D4C6FA6B-6426-4049-9F06-84EC3C6A914E}"
EndProject
Global
	GlobalSection(SolutionConfigurationPlatforms) = preSolution
		Debug|Any CPU = Debug|Any CPU
		Release|Any CPU = Release|Any CPU
	EndGlobalSection
	GlobalSection(ProjectConfigurationPlatforms) = postSolution
		{D4C6FA6B-6426-4049-9F06-84EC3C6A914E}.Debug|Any CPU.ActiveCfg = Debug|Any CPU
		{D4C6FA6B-6426-4049-9F06-84EC3C6A914E}.Debug|Any CPU.Build.0 = Debug|Any CPU
		{D4C6FA6B-6426-4049-9F06-84EC3C6A914E}.Release|Any CPU.ActiveCfg = Release|Any CPU
		{D4C6FA6B-6426-4049-9F06-84EC3C6A914E}.Release|Any CPU.Build.0 = Release|Any CPU
	EndGlobalSection
	GlobalSection(SolutionProperties) = preSolution
		HideSolutionNode = FALSE
	EndGlobalSection
	GlobalSection(ExtensibilityGlobals) = postSolution
		SolutionGuid = {BCBC76EE-032C-4DF9-BDBE-DF781E10D58A}
	EndGlobalSection
EndGlobal
